
Microsoft Visual Studio Solution File, Format Version 12.00
# Visual Studio Version 17
VisualStudioVersion = 17.9.34607.119
MinimumVisualStudioVersion = 10.0.40219.1
Project("{FAE04EC0-301F-11D3-BF4B-00C04F79EFBC}") = "Website.Api", "Website.Api\Website.Api.csproj", "{13D2400C-BECA-4137-A130-8FDDABA219F5}"
EndProject
Global
	GlobalSection(SolutionConfigurationPlatforms) = preSolution
		Debug|Any CPU = Debug|Any CPU
		Release|Any CPU = Release|Any CPU
	EndGlobalSection
	GlobalSection(ProjectConfigurationPlatforms) = postSolution
		{13D2400C-BECA-4137-A130-8FDDABA219F5}.Debug|Any CPU.ActiveCfg = Debug|Any CPU
		{13D2400C-BECA-4137-A130-8FDDABA219F5}.Debug|Any CPU.Build.0 = Debug|Any CPU
		{13D2400C-BECA-4137-A130-8FDDABA219F5}.Release|Any CPU.ActiveCfg = Release|Any CPU
		{13D2400C-BECA-4137-A130-8FDDABA219F5}.Release|Any CPU.Build.0 = Release|Any CPU
	EndGlobalSection
	GlobalSection(SolutionProperties) = preSolution
		HideSolutionNode = FALSE
	EndGlobalSection
	GlobalSection(ExtensibilityGlobals) = postSolution
		SolutionGuid = {D8C24192-AAB1-4DAE-94B7-57C5FBF18ED9}
	EndGlobalSection
EndGlobal
